
Microsoft Visual Studio Solution File, Format Version 12.00
# Visual Studio 2013
VisualStudioVersion = 12.0.21005.1
MinimumVisualStudioVersion = 10.0.40219.1
Project("{159641D6-6404-4A2A-AE62-294DE0FE8301}") = "SQL_Tasks", "SQL_Tasks\SQL_Tasks.dtproj", "{DD5FB2E8-8FDB-4982-BB31-B4A893A6FB66}"
EndProject
Global
	GlobalSection(SolutionConfigurationPlatforms) = preSolution
		Development|Default = Development|Default
	EndGlobalSection
	GlobalSection(ProjectConfigurationPlatforms) = postSolution
		{DD5FB2E8-8FDB-4982-BB31-B4A893A6FB66}.Development|Default.ActiveCfg = Development
		{DD5FB2E8-8FDB-4982-BB31-B4A893A6FB66}.Development|Default.Build.0 = Development
	EndGlobalSection
	GlobalSection(SolutionProperties) = preSolution
		HideSolutionNode = FALSE
	EndGlobalSection
EndGlobal
